{
  "name": "hexo-site",
  "version": "0.0.0",
  "lockfileVersion": 1,
  "requires": true,
  "dependencies": {
    "hexo-generator-index-pin-top": {
      "version": "0.2.2",
      "resolved": "https://registry.npmjs.org/hexo-generator-index-pin-top/-/hexo-generator-index-pin-top-0.2.2.tgz",
      "integrity": "sha512-1mVXHoUL5a3Q3yvIqoRVFhbJPlVAnRfc9ibToWpIlxU7ILTJwxhT6NFiS/jf/yZ0Suq1HvTI68yViMQMQVoDvg==",
      "requires": {
        "hexo-pagination": "0.0.2",
        "object-assign": "^4.0.1"
      }
    },
    "hexo-pagination": {
      "version": "0.0.2",
      "resolved": "https://registry.npmjs.org/hexo-pagination/-/hexo-pagination-0.0.2.tgz",
      "integrity": "sha1-jPRwx9sN5bGKOSanbesZQBXffys=",
      "requires": {
        "utils-merge": "^1.0.0"
      }
    },
    "object-assign": {
      "version": "4.1.1",
      "resolved": "https://registry.npmjs.org/object-assign/-/object-assign-4.1.1.tgz",
      "integrity": "sha1-IQmtx5ZYh8/AXLvUQsrIv7s2CGM="
    },
    "utils-merge": {
      "version": "1.0.1",
      "resolved": "https://registry.npmjs.org/utils-merge/-/utils-merge-1.0.1.tgz",
      "integrity": "sha1-n5VxD1CiZ5R7LMwSR0HBAoQn5xM="
    }
  }
}
